{
  "nodes": {
    "drduhConfig": {
      "flake": false,
      "locked": {
        "lastModified": 1697417581,
        "narHash": "sha256-R45L/Xv3z0lJhGt781wDbjaq1qc+sGTmsUt+XHwgf4A=",
        "owner": "drduh",
        "repo": "config",
        "rev": "8c21617100795fea2313656abdf25f93b98fdc30",
        "type": "github"
      },
      "original": {
        "owner": "drduh",
        "repo": "config",
        "type": "github"
      }
    },
    "nixpkgs": {
      "locked": {
        "lastModified": 1720110830,
        "narHash": "sha256-E5dN9GDV4LwMEduhBLSkyEz51zM17XkWZ3/9luvNOPs=",
        "owner": "NixOS",
        "repo": "nixpkgs",
        "rev": "c0d0be00d4ecc4b51d2d6948e37466194c1e6c51",
        "type": "github"
      },
      "original": {
        "owner": "NixOS",
        "ref": "nixos-24.05",
        "repo": "nixpkgs",
        "type": "github"
      }
    },
    "root": {
      "inputs": {
        "drduhConfig": "drduhConfig",
        "nixpkgs": "nixpkgs"
      }
    }
  },
  "root": "root",
  "version": 7
}
